PODS:
  - AFNetworking (3.2.1):
    - AFNetworking/NSURLSession (= 3.2.1)
    - AFNetworking/Reachability (= 3.2.1)
    - AFNetworking/Security (= 3.2.1)
    - AFNetworking/Serialization (= 3.2.1)
    - AFNetworking/UIKit (= 3.2.1)
  - AFNetworking/NSURLSession (3.2.1):
    - AFNetworking/Reachability
    - AFNetworking/Security
    - AFNetworking/Serialization
  - AFNetworking/Reachability (3.2.1)
  - AFNetworking/Security (3.2.1)
  - AFNetworking/Serialization (3.2.1)
  - AFNetworking/UIKit (3.2.1):
    - AFNetworking/NSURLSession
  - CherryRequest (0.1.0):
    - AFNetworking
    - MJExtension
  - MJExtension (3.0.15)

DEPENDENCIES:
  - CherryRequest (from `../`)

EXTERNAL SOURCES:
  CherryRequest:
    :path: ../

SPEC CHECKSUMS:
  AFNetworking: b6f891fdfaed196b46c7a83cf209e09697b94057
  CherryRequest: d27c086c8ea207c18dd6f38bf3913161a04de92e
  MJExtension: 3f039575db1b135a20699ad298713b26acec1528

PODFILE CHECKSUM: 164d42064af8f679f5678eafe71fa8fb7b9a4c5e

COCOAPODS: 1.4.0
